// !$*UTF8*$!
{
	archiveVersion = 1;
	classes = {
	};
	objectVersion = 50;
	objects = {

/* Begin PBXBuildFile section */
		15C907292264ABFE0099EB26 /* AppDelegate.swift in Sources */ = {isa = PBXBuildFile; fileRef = 15C907282264ABFE0099EB26 /* AppDelegate.swift */; };
		15C9072B2264ABFE0099EB26 /* ViewController.swift in Sources */ = {isa = PBXBuildFile; fileRef = 15C9072A2264ABFE0099EB26 /* ViewController.swift */; };
		15C9072E2264ABFE0099EB26 /* Main.storyboard in Resources */ = {isa = PBXBuildFile; fileRef = 15C9072C2264ABFE0099EB26 /* Main.storyboard */; };
		15C907312264ABFE0099EB26 /* FarmTimer.xcdatamodeld in Sources */ = {isa = PBXBuildFile; fileRef = 15C9072F2264ABFE0099EB26 /* FarmTimer.xcdatamodeld */; };
		15C907332264ABFF0099EB26 /* Assets.xcassets in Resources */ = {isa = PBXBuildFile; fileRef = 15C907322264ABFF0099EB26 /* Assets.xcassets */; };
		15C907362264ABFF0099EB26 /* LaunchScreen.storyboard in Resources */ = {isa = PBXBuildFile; fileRef = 15C907342264ABFF0099EB26 /* LaunchScreen.storyboard */; };
		15C907412264ABFF0099EB26 /* FarmTimerTests.swift in Sources */ = {isa = PBXBuildFile; fileRef = 15C907402264ABFF0099EB26 /* FarmTimerTests.swift */; };
		15D7B7DA2284544E0048AEE0 /* TimeCell.swift in Sources */ = {isa = PBXBuildFile; fileRef = 15D7B7D92284544E0048AEE0 /* TimeCell.swift */; };
		15D7B7E022845C560048AEE0 /* TimeManager.swift in Sources */ = {isa = PBXBuildFile; fileRef = 15D7B7DF22845C560048AEE0 /* TimeManager.swift */; };
/* End PBXBuildFile section */

/* Begin PBXContainerItemProxy section */
		15C9073D2264ABFF0099EB26 /* PBXContainerItemProxy */ = {
			isa = PBXContainerItemProxy;
			containerPortal = 15C9071D2264ABFE0099EB26 /* Project object */;
			proxyType = 1;
			remoteGlobalIDString = 15C907242264ABFE0099EB26;
			remoteInfo = FarmTimer;
		};
/* End PBXContainerItemProxy section */

/* Begin PBXCopyFilesBuildPhase section */
		15E25C66226B7C3D0096FD41 /* Embed Frameworks */ = {
			isa = PBXCopyFilesBuildPhase;
			buildActionMask = 2147483647;
			dstPath = "";
			dstSubfolderSpec = 10;
			files = (
			);
			name = "Embed Frameworks";
			runOnlyForDeploymentPostprocessing = 0;
		};
/* End PBXCopyFilesBuildPhase section */

/* Begin PBXFileReference section */
		15C907252264ABFE0099EB26 /* FarmTimer.app */ = {isa = PBXFileReference; explicitFileType = wrapper.application; includeInIndex = 0; path = FarmTimer.app; sourceTree = BUILT_PRODUCTS_DIR; };
		15C907282264ABFE0099EB26 /* AppDelegate.swift */ = {isa = PBXFileReference; lastKnownFileType = sourcecode.swift; path = AppDelegate.swift; sourceTree = "<group>"; };
		15C9072A2264ABFE0099EB26 /* ViewController.swift */ = {isa = PBXFileReference; lastKnownFileType = sourcecode.swift; path = ViewController.swift; sourceTree = "<group>"; };
		15C9072D2264ABFE0099EB26 /* Base */ = {isa = PBXFileReference; lastKnownFileType = file.storyboard; name = Base; path = Base.lproj/Main.storyboard; sourceTree = "<group>"; };
		15C907302264ABFE0099EB26 /* FarmTimer.xcdatamodel */ = {isa = PBXFileReference; lastKnownFileType = wrapper.xcdatamodel; path = FarmTimer.xcdatamodel; sourceTree = "<group>"; };
		15C907322264ABFF0099EB26 /* Assets.xcassets */ = {isa = PBXFileReference; lastKnownFileType = folder.assetcatalog; path = Assets.xcassets; sourceTree = "<group>"; };
		15C907352264ABFF0099EB26 /* Base */ = {isa = PBXFileReference; lastKnownFileType = file.storyboard; name = Base; path = Base.lproj/LaunchScreen.storyboard; sourceTree = "<group>"; };
		15C907372264ABFF0099EB26 /* Info.plist */ = {isa = PBXFileReference; lastKnownFileType = text.plist.xml; path = Info.plist; sourceTree = "<group>"; };
		15C9073C2264ABFF0099EB26 /* FarmTimerTests.xctest */ = {isa = PBXFileReference; explicitFileType = wrapper.cfbundle; includeInIndex = 0; path = FarmTimerTests.xctest; sourceTree = BUILT_PRODUCTS_DIR; };
		15C907402264ABFF0099EB26 /* FarmTimerTests.swift */ = {isa = PBXFileReference; lastKnownFileType = sourcecode.swift; path = FarmTimerTests.swift; sourceTree = "<group>"; };
		15C907422264ABFF0099EB26 /* Info.plist */ = {isa = PBXFileReference; lastKnownFileType = text.plist.xml; path = Info.plist; sourceTree = "<group>"; };
		15D7B7D92284544E0048AEE0 /* TimeCell.swift */ = {isa = PBXFileReference; lastKnownFileType = sourcecode.swift; path = TimeCell.swift; sourceTree = "<group>"; };
		15D7B7DF22845C560048AEE0 /* TimeManager.swift */ = {isa = PBXFileReference; lastKnownFileType = sourcecode.swift; path = TimeManager.swift; sourceTree = "<group>"; };
/* End PBXFileReference section */

/* Begin PBXFrameworksBuildPhase section */
		15C907222264ABFE0099EB26 /* Frameworks */ = {
			isa = PBXFrameworksBuildPhase;
			buildActionMask = 2147483647;
			files = (
			);
			runOnlyForDeploymentPostprocessing = 0;
		};
		15C907392264ABFF0099EB26 /* Frameworks */ = {
			isa = PBXFrameworksBuildPhase;
			buildActionMask = 2147483647;
			files = (
			);
			runOnlyForDeploymentPostprocessing = 0;
		};
/* End PBXFrameworksBuildPhase section */

/* Begin PBXGroup section */
		15C9071C2264ABFE0099EB26 = {
			isa = PBXGroup;
			children = (
				15C907272264ABFE0099EB26 /* FarmTimer */,
				15C9073F2264ABFF0099EB26 /* FarmTimerTests */,
				15C907262264ABFE0099EB26 /* Products */,
				95AD413222C9AA56C27FCD0D /* Pods */,
			);
			sourceTree = "<group>";
		};
		15C907262264ABFE0099EB26 /* Products */ = {
			isa = PBXGroup;
			children = (
				15C907252264ABFE0099EB26 /* FarmTimer.app */,
				15C9073C2264ABFF0099EB26 /* FarmTimerTests.xctest */,
			);
			name = Products;
			sourceTree = "<group>";
		};
		15C907272264ABFE0099EB26 /* FarmTimer */ = {
			isa = PBXGroup;
			children = (
				15C907282264ABFE0099EB26 /* AppDelegate.swift */,
				15C9072A2264ABFE0099EB26 /* ViewController.swift */,
				15D7B7D92284544E0048AEE0 /* TimeCell.swift */,
				15D7B7DF22845C560048AEE0 /* TimeManager.swift */,
				15C9072C2264ABFE0099EB26 /* Main.storyboard */,
				15C907342264ABFF0099EB26 /* LaunchScreen.storyboard */,
				15C9072F2264ABFE0099EB26 /* FarmTimer.xcdatamodeld */,
				15C907372264ABFF0099EB26 /* Info.plist */,
				15C907322264ABFF0099EB26 /* Assets.xcassets */,
			);
			path = FarmTimer;
			sourceTree = "<group>";
		};
		15C9073F2264ABFF0099EB26 /* FarmTimerTests */ = {
			isa = PBXGroup;
			children = (
				15C907402264ABFF0099EB26 /* FarmTimerTests.swift */,
				15C907422264ABFF0099EB26 /* Info.plist */,
			);
			path = FarmTimerTests;
			sourceTree = "<group>";
		};
		95AD413222C9AA56C27FCD0D /* Pods */ = {
			isa = PBXGroup;
			children = (
			);
			path = Pods;
			sourceTree = "<group>";
		};
/* End PBXGroup section */

/* Begin PBXNativeTarget section */
		15C907242264ABFE0099EB26 /* FarmTimer */ = {
			isa = PBXNativeTarget;
			buildConfigurationList = 15C907452264ABFF0099EB26 /* Build configuration list for PBXNativeTarget "FarmTimer" */;
			buildPhases = (
				15C907212264ABFE0099EB26 /* Sources */,
				15C907222264ABFE0099EB26 /* Frameworks */,
				15C907232264ABFE0099EB26 /* Resources */,
				15E25C66226B7C3D0096FD41 /* Embed Frameworks */,
			);
			buildRules = (
			);
			dependencies = (
			);
			name = FarmTimer;
			productName = FarmTimer;
			productReference = 15C907252264ABFE0099EB26 /* FarmTimer.app */;
			productType = "com.apple.product-type.application";
		};
		15C9073B2264ABFF0099EB26 /* FarmTimerTests */ = {
			isa = PBXNativeTarget;
			buildConfigurationList = 15C907482264ABFF0099EB26 /* Build configuration list for PBXNativeTarget "FarmTimerTests" */;
			buildPhases = (
				15C907382264ABFF0099EB26 /* Sources */,
				15C907392264ABFF0099EB26 /* Frameworks */,
				15C9073A2264ABFF0099EB26 /* Resources */,
			);
			buildRules = (
			);
			dependencies = (
				15C9073E2264ABFF0099EB26 /* PBXTargetDependency */,
			);
			name = FarmTimerTests;
			productName = FarmTimerTests;
			productReference = 15C9073C2264ABFF0099EB26 /* FarmTimerTests.xctest */;
			productType = "com.apple.product-type.bundle.unit-test";
		};
/* End PBXNativeTarget section */

/* Begin PBXProject section */
		15C9071D2264ABFE0099EB26 /* Project object */ = {
			isa = PBXProject;
			attributes = {
				LastSwiftUpdateCheck = 1020;
				LastUpgradeCheck = 1020;
				ORGANIZATIONNAME = rollmind;
				TargetAttributes = {
					15C907242264ABFE0099EB26 = {
						CreatedOnToolsVersion = 10.2;
					};
					15C9073B2264ABFF0099EB26 = {
						CreatedOnToolsVersion = 10.2;
						TestTargetID = 15C907242264ABFE0099EB26;
					};
				};
			};
			buildConfigurationList = 15C907202264ABFE0099EB26 /* Build configuration list for PBXProject "FarmTimer" */;
			compatibilityVersion = "Xcode 9.3";
			developmentRegion = en;
			hasScannedForEncodings = 0;
			knownRegions = (
				en,
				Base,
			);
			mainGroup = 15C9071C2264ABFE0099EB26;
			productRefGroup = 15C907262264ABFE0099EB26 /* Products */;
			projectDirPath = "";
			projectRoot = "";
			targets = (
				15C907242264ABFE0099EB26 /* FarmTimer */,
				15C9073B2264ABFF0099EB26 /* FarmTimerTests */,
			);
		};
/* End PBXProject section */

/* Begin PBXResourcesBuildPhase section */
		15C907232264ABFE0099EB26 /* Resources */ = {
			isa = PBXResourcesBuildPhase;
			buildActionMask = 2147483647;
			files = (
				15C907362264ABFF0099EB26 /* LaunchScreen.storyboard in Resources */,
				15C907332264ABFF0099EB26 /* Assets.xcassets in Resources */,
				15C9072E2264ABFE0099EB26 /* Main.storyboard in Resources */,
			);
			runOnlyForDeploymentPostprocessing = 0;
		};
		15C9073A2264ABFF0099EB26 /* Resources */ = {
			isa = PBXResourcesBuildPhase;
			buildActionMask = 2147483647;
			files = (
			);
			runOnlyForDeploymentPostprocessing = 0;
		};
/* End PBXResourcesBuildPhase section */

/* Begin PBXSourcesBuildPhase section */
		15C907212264ABFE0099EB26 /* Sources */ = {
			isa = PBXSourcesBuildPhase;
			buildActionMask = 2147483647;
			files = (
				15D7B7DA2284544E0048AEE0 /* TimeCell.swift in Sources */,
				15C9072B2264ABFE0099EB26 /* ViewController.swift in Sources */,
				15C907292264ABFE0099EB26 /* AppDelegate.swift in Sources */,
				15D7B7E022845C560048AEE0 /* TimeManager.swift in Sources */,
				15C907312264ABFE0099EB26 /* FarmTimer.xcdatamodeld in Sources */,
			);
			runOnlyForDeploymentPostprocessing = 0;
		};
		15C907382264ABFF0099EB26 /* Sources */ = {
			isa = PBXSourcesBuildPhase;
			buildActionMask = 2147483647;
			files = (
				15C907412264ABFF0099EB26 /* FarmTimerTests.swift in Sources */,
			);
			runOnlyForDeploymentPostprocessing = 0;
		};
/* End PBXSourcesBuildPhase section */

/* Begin PBXTargetDependency section */
		15C9073E2264ABFF0099EB26 /* PBXTargetDependency */ = {
			isa = PBXTargetDependency;
			target = 15C907242264ABFE0099EB26 /* FarmTimer */;
			targetProxy = 15C9073D2264ABFF0099EB26 /* PBXContainerItemProxy */;
		};
/* End PBXTargetDependency section */

/* Begin PBXVariantGroup section */
		15C9072C2264ABFE0099EB26 /* Main.storyboard */ = {
			isa = PBXVariantGroup;
			children = (
				15C9072D2264ABFE0099EB26 /* Base */,
			);
			name = Main.storyboard;
			sourceTree = "<group>";
		};
		15C907342264ABFF0099EB26 /* LaunchScreen.storyboard */ = {
			isa = PBXVariantGroup;
			children = (
				15C907352264ABFF0099EB26 /* Base */,
			);
			name = LaunchScreen.storyboard;
			sourceTree = "<group>";
		};
/* End PBXVariantGroup section */

/* Begin XCBuildConfiguration section */
		15C907432264ABFF0099EB26 /* Debug */ = {
			isa = XCBuildConfiguration;
			buildSettings = {
				ALWAYS_SEARCH_USER_PATHS = NO;
				CLANG_ANALYZER_NONNULL = YES;
				CLANG_ANALYZER_NUMBER_OBJECT_CONVERSION = YES_AGGRESSIVE;
				CLANG_CXX_LANGUAGE_STANDARD = "gnu++14";
				CLANG_CXX_LIBRARY = "libc++";
				CLANG_ENABLE_MODULES = YES;
				CLANG_ENABLE_OBJC_ARC = YES;
				CLANG_ENABLE_OBJC_WEAK = YES;
				CLANG_WARN_BLOCK_CAPTURE_AUTORELEASING = YES;
				CLANG_WARN_BOOL_CONVERSION = YES;
				CLANG_WARN_COMMA = YES;
				CLANG_WARN_CONSTANT_CONVERSION = YES;
				CLANG_WARN_DEPRECATED_OBJC_IMPLEMENTATIONS = YES;
				CLANG_WARN_DIRECT_OBJC_ISA_USAGE = YES_ERROR;
				CLANG_WARN_DOCUMENTATION_COMMENTS = YES;
				CLANG_WARN_EMPTY_BODY = YES;
				CLANG_WARN_ENUM_CONVERSION = YES;
				CLANG_WARN_INFINITE_RECURSION = YES;
				CLANG_WARN_INT_CONVERSION = YES;
				CLANG_WARN_NON_LITERAL_NULL_CONVERSION = YES;
				CLANG_WARN_OBJC_IMPLICIT_RETAIN_SELF = YES;
				CLANG_WARN_OBJC_LITERAL_CONVERSION = YES;
				CLANG_WARN_OBJC_ROOT_CLASS = YES_ERROR;
				CLANG_WARN_RANGE_LOOP_ANALYSIS = YES;
				CLANG_WARN_STRICT_PROTOTYPES = YES;
				CLANG_WARN_SUSPICIOUS_MOVE = YES;
				CLANG_WARN_UNGUARDED_AVAILABILITY = YES_AGGRESSIVE;
				CLANG_WARN_UNREACHABLE_CODE = YES;
				CLANG_WARN__DUPLICATE_METHOD_MATCH = YES;
				CODE_SIGN_IDENTITY = "iPhone Developer";
				COPY_PHASE_STRIP = NO;
				DEBUG_INFORMATION_FORMAT = dwarf;
				ENABLE_STRICT_OBJC_MSGSEND = YES;
				ENABLE_TESTABILITY = YES;
				GCC_C_LANGUAGE_STANDARD = gnu11;
				GCC_DYNAMIC_NO_PIC = NO;
				GCC_NO_COMMON_BLOCKS = YES;
				GCC_OPTIMIZATION_LEVEL = 0;
				GCC_PREPROCESSOR_DEFINITIONS = (
					"DEBUG=1",
					"$(inherited)",
				);
				GCC_WARN_64_TO_32_BIT_CONVERSION = YES;
				GCC_WARN_ABOUT_RETURN_TYPE = YES_ERROR;
				GCC_WARN_UNDECLARED_SELECTOR = YES;
				GCC_WARN_UNINITIALIZED_AUTOS = YES_AGGRESSIVE;
				GCC_WARN_UNUSED_FUNCTION = YES;
				GCC_WARN_UNUSED_VARIABLE = YES;
				IPHONEOS_DEPLOYMENT_TARGET = 12.2;
				MTL_ENABLE_DEBUG_INFO = INCLUDE_SOURCE;
				MTL_FAST_MATH = YES;
				ONLY_ACTIVE_ARCH = YES;
				SDKROOT = iphoneos;
				SWIFT_ACTIVE_COMPILATION_CONDITIONS = DEBUG;
				SWIFT_OPTIMIZATION_LEVEL = "-Onone";
			};
			name = Debug;
		};
		15C907442264ABFF0099EB26 /* Release */ = {
			isa = XCBuildConfiguration;
			buildSettings = {
				ALWAYS_SEARCH_USER_PATHS = NO;
				CLANG_ANALYZER_NONNULL = YES;
				CLANG_ANALYZER_NUMBER_OBJECT_CONVERSION = YES_AGGRESSIVE;
				CLANG_CXX_LANGUAGE_STANDARD = "gnu++14";
				CLANG_CXX_LIBRARY = "libc++";
				CLANG_ENABLE_MODULES = YES;
				CLANG_ENABLE_OBJC_ARC = YES;
				CLANG_ENABLE_OBJC_WEAK = YES;
				CLANG_WARN_BLOCK_CAPTURE_AUTORELEASING = YES;
				CLANG_WARN_BOOL_CONVERSION = YES;
				CLANG_WARN_COMMA = YES;
				CLANG_WARN_CONSTANT_CONVERSION = YES;
				CLANG_WARN_DEPRECATED_OBJC_IMPLEMENTATIONS = YES;
				CLANG_WARN_DIRECT_OBJC_ISA_USAGE = YES_ERROR;
				CLANG_WARN_DOCUMENTATION_COMMENTS = YES;
				CLANG_WARN_EMPTY_BODY = YES;
				CLANG_WARN_ENUM_CONVERSION = YES;
				CLANG_WARN_INFINITE_RECURSION = YES;
				CLANG_WARN_INT_CONVERSION = YES;
				CLANG_WARN_NON_LITERAL_NULL_CONVERSION = YES;
				CLANG_WARN_OBJC_IMPLICIT_RETAIN_SELF = YES;
				CLANG_WARN_OBJC_LITERAL_CONVERSION = YES;
				CLANG_WARN_OBJC_ROOT_CLASS = YES_ERROR;
				CLANG_WARN_RANGE_LOOP_ANALYSIS = YES;
				CLANG_WARN_STRICT_PROTOTYPES = YES;
				CLANG_WARN_SUSPICIOUS_MOVE = YES;
				CLANG_WARN_UNGUARDED_AVAILABILITY = YES_AGGRESSIVE;
				CLANG_WARN_UNREACHABLE_CODE = YES;
				CLANG_WARN__DUPLICATE_METHOD_MATCH = YES;
				CODE_SIGN_IDENTITY = "iPhone Developer";
				COPY_PHASE_STRIP = NO;
				DEBUG_INFORMATION_FORMAT = "dwarf-with-dsym";
				ENABLE_NS_ASSERTIONS = NO;
				ENABLE_STRICT_OBJC_MSGSEND = YES;
				GCC_C_LANGUAGE_STANDARD = gnu11;
				GCC_NO_COMMON_BLOCKS = YES;
				GCC_WARN_64_TO_32_BIT_CONVERSION = YES;
				GCC_WARN_ABOUT_RETURN_TYPE = YES_ERROR;
				GCC_WARN_UNDECLARED_SELECTOR = YES;
				GCC_WARN_UNINITIALIZED_AUTOS = YES_AGGRESSIVE;
				GCC_WARN_UNUSED_FUNCTION = YES;
				GCC_WARN_UNUSED_VARIABLE = YES;
				IPHONEOS_DEPLOYMENT_TARGET = 12.2;
				MTL_ENABLE_DEBUG_INFO = NO;
				MTL_FAST_MATH = YES;
				SDKROOT = iphoneos;
				SWIFT_COMPILATION_MODE = wholemodule;
				SWIFT_OPTIMIZATION_LEVEL = "-O";
				VALIDATE_PRODUCT = YES;
			};
			name = Release;
		};
		15C907462264ABFF0099EB26 /* Debug */ = {
			isa = XCBuildConfiguration;
			buildSettings = {
				ALWAYS_EMBED_SWIFT_STANDARD_LIBRARIES = YES;
				ASSETCATALOG_COMPILER_APPICON_NAME = AppIcon;
				CODE_SIGN_STYLE = Automatic;
				DEVELOPMENT_TEAM = HY47J4787Q;
				INFOPLIST_FILE = FarmTimer/Info.plist;
				LD_RUNPATH_SEARCH_PATHS = (
					"$(inherited)",
					"@executable_path/Frameworks",
				);
				PRODUCT_BUNDLE_IDENTIFIER = com.rollmind.FarmTimer;
				PRODUCT_NAME = "$(TARGET_NAME)";
				SWIFT_VERSION = 5.0;
				TARGETED_DEVICE_FAMILY = "1,2";
			};
			name = Debug;
		};
		15C907472264ABFF0099EB26 /* Release */ = {
			isa = XCBuildConfiguration;
			buildSettings = {
				ALWAYS_EMBED_SWIFT_STANDARD_LIBRARIES = YES;
				ASSETCATALOG_COMPILER_APPICON_NAME = AppIcon;
				CODE_SIGN_STYLE = Automatic;
				DEVELOPMENT_TEAM = HY47J4787Q;
				INFOPLIST_FILE = FarmTimer/Info.plist;
				LD_RUNPATH_SEARCH_PATHS = (
					"$(inherited)",
					"@executable_path/Frameworks",
				);
				PRODUCT_BUNDLE_IDENTIFIER = com.rollmind.FarmTimer;
				PRODUCT_NAME = "$(TARGET_NAME)";
				SWIFT_VERSION = 5.0;
				TARGETED_DEVICE_FAMILY = "1,2";
			};
			name = Release;
		};
		15C907492264ABFF0099EB26 /* Debug */ = {
			isa = XCBuildConfiguration;
			buildSettings = {
				ALWAYS_EMBED_SWIFT_STANDARD_LIBRARIES = YES;
				BUNDLE_LOADER = "$(TEST_HOST)";
				CODE_SIGN_STYLE = Automatic;
				DEVELOPMENT_TEAM = HY47J4787Q;
				INFOPLIST_FILE = FarmTimerTests/Info.plist;
				LD_RUNPATH_SEARCH_PATHS = (
					"$(inherited)",
					"@executable_path/Frameworks",
					"@loader_path/Frameworks",
				);
				PRODUCT_BUNDLE_IDENTIFIER = com.rollmind.FarmTimerTests;
				PRODUCT_NAME = "$(TARGET_NAME)";
				SWIFT_VERSION = 5.0;
				TARGETED_DEVICE_FAMILY = "1,2";
				TEST_HOST = "$(BUILT_PRODUCTS_DIR)/FarmTimer.app/FarmTimer";
			};
			name = Debug;
		};
		15C9074A2264ABFF0099EB26 /* Release */ = {
			isa = XCBuildConfiguration;
			buildSettings = {
				ALWAYS_EMBED_SWIFT_STANDARD_LIBRARIES = YES;
				BUNDLE_LOADER = "$(TEST_HOST)";
				CODE_SIGN_STYLE = Automatic;
				DEVELOPMENT_TEAM = HY47J4787Q;
				INFOPLIST_FILE = FarmTimerTests/Info.plist;
				LD_RUNPATH_SEARCH_PATHS = (
					"$(inherited)",
					"@executable_path/Frameworks",
					"@loader_path/Frameworks",
				);
				PRODUCT_BUNDLE_IDENTIFIER = com.rollmind.FarmTimerTests;
				PRODUCT_NAME = "$(TARGET_NAME)";
				SWIFT_VERSION = 5.0;
				TARGETED_DEVICE_FAMILY = "1,2";
				TEST_HOST = "$(BUILT_PRODUCTS_DIR)/FarmTimer.app/FarmTimer";
			};
			name = Release;
		};
/* End XCBuildConfiguration section */

/* Begin XCConfigurationList section */
		15C907202264ABFE0099EB26 /* Build configuration list for PBXProject "FarmTimer" */ = {
			isa = XCConfigurationList;
			buildConfigurations = (
				15C907432264ABFF0099EB26 /* Debug */,
				15C907442264ABFF0099EB26 /* Release */,
			);
			defaultConfigurationIsVisible = 0;
			defaultConfigurationName = Release;
		};
		15C907452264ABFF0099EB26 /* Build configuration list for PBXNativeTarget "FarmTimer" */ = {
			isa = XCConfigurationList;
			buildConfigurations = (
				15C907462264ABFF0099EB26 /* Debug */,
				15C907472264ABFF0099EB26 /* Release */,
			);
			defaultConfigurationIsVisible = 0;
			defaultConfigurationName = Release;
		};
		15C907482264ABFF0099EB26 /* Build configuration list for PBXNativeTarget "FarmTimerTests" */ = {
			isa = XCConfigurationList;
			buildConfigurations = (
				15C907492264ABFF0099EB26 /* Debug */,
				15C9074A2264ABFF0099EB26 /* Release */,
			);
			defaultConfigurationIsVisible = 0;
			defaultConfigurationName = Release;
		};
/* End XCConfigurationList section */

/* Begin XCVersionGroup section */
		15C9072F2264ABFE0099EB26 /* FarmTimer.xcdatamodeld */ = {
			isa = XCVersionGroup;
			children = (
				15C907302264ABFE0099EB26 /* FarmTimer.xcdatamodel */,
			);
			currentVersion = 15C907302264ABFE0099EB26 /* FarmTimer.xcdatamodel */;
			path = FarmTimer.xcdatamodeld;
			sourceTree = "<group>";
			versionGroupType = wrapper.xcdatamodel;
		};
/* End XCVersionGroup section */
	};
	rootObject = 15C9071D2264ABFE0099EB26 /* Project object */;
}
