// !$*UTF8*$!
{
	archiveVersion = 1;
	classes = {
	};
	objectVersion = 50;
	objects = {

/* Begin PBXBuildFile section */
		15506A6622660B2E009B14CB /* AlertFactory.swift in Sources */ = {isa = PBXBuildFile; fileRef = 15506A6522660B2E009B14CB /* AlertFactory.swift */; };
		155C1546226A127C009AF04F /* TimerViewModel.swift in Sources */ = {isa = PBXBuildFile; fileRef = 155C1545226A127C009AF04F /* TimerViewModel.swift */; };
		155D8C2F2264C43A0062EE7C /* Coordinator.swift in Sources */ = {isa = PBXBuildFile; fileRef = 155D8C2E2264C43A0062EE7C /* Coordinator.swift */; };
		155D8C322264C46E0062EE7C /* MainViewModel.swift in Sources */ = {isa = PBXBuildFile; fileRef = 155D8C312264C46E0062EE7C /* MainViewModel.swift */; };
		15C907292264ABFE0099EB26 /* AppDelegate.swift in Sources */ = {isa = PBXBuildFile; fileRef = 15C907282264ABFE0099EB26 /* AppDelegate.swift */; };
		15C9072B2264ABFE0099EB26 /* ViewController.swift in Sources */ = {isa = PBXBuildFile; fileRef = 15C9072A2264ABFE0099EB26 /* ViewController.swift */; };
		15C9072E2264ABFE0099EB26 /* Main.storyboard in Resources */ = {isa = PBXBuildFile; fileRef = 15C9072C2264ABFE0099EB26 /* Main.storyboard */; };
		15C907312264ABFE0099EB26 /* FarmTimer.xcdatamodeld in Sources */ = {isa = PBXBuildFile; fileRef = 15C9072F2264ABFE0099EB26 /* FarmTimer.xcdatamodeld */; };
		15C907332264ABFF0099EB26 /* Assets.xcassets in Resources */ = {isa = PBXBuildFile; fileRef = 15C907322264ABFF0099EB26 /* Assets.xcassets */; };
		15C907362264ABFF0099EB26 /* LaunchScreen.storyboard in Resources */ = {isa = PBXBuildFile; fileRef = 15C907342264ABFF0099EB26 /* LaunchScreen.storyboard */; };
		15C907412264ABFF0099EB26 /* FarmTimerTests.swift in Sources */ = {isa = PBXBuildFile; fileRef = 15C907402264ABFF0099EB26 /* FarmTimerTests.swift */; };
		15E25C53226B7C3D0096FD41 /* Comparators.framework in Frameworks */ = {isa = PBXBuildFile; fileRef = 15E25C4A226B7C3D0096FD41 /* Comparators.framework */; };
		15E25C5A226B7C3D0096FD41 /* ComparatorsTests.swift in Sources */ = {isa = PBXBuildFile; fileRef = 15E25C59226B7C3D0096FD41 /* ComparatorsTests.swift */; };
		15E25C5C226B7C3D0096FD41 /* Comparators.h in Headers */ = {isa = PBXBuildFile; fileRef = 15E25C4C226B7C3D0096FD41 /* Comparators.h */; settings = {ATTRIBUTES = (Public, ); }; };
		15E25C5F226B7C3D0096FD41 /* Comparators.framework in Frameworks */ = {isa = PBXBuildFile; fileRef = 15E25C4A226B7C3D0096FD41 /* Comparators.framework */; };
		15E25C60226B7C3D0096FD41 /* Comparators.framework in Embed Frameworks */ = {isa = PBXBuildFile; fileRef = 15E25C4A226B7C3D0096FD41 /* Comparators.framework */; settings = {ATTRIBUTES = (CodeSignOnCopy, RemoveHeadersOnCopy, ); }; };
		15E25C69226B7CB80096FD41 /* Comparators.swift in Sources */ = {isa = PBXBuildFile; fileRef = 15E25C68226B7CB80096FD41 /* Comparators.swift */; };
		E1D78B04129EEA85811B1058 /* Pods_FarmTimer.framework in Frameworks */ = {isa = PBXBuildFile; fileRef = 26306453BAE48955E365824A /* Pods_FarmTimer.framework */; };
		EB0BD0E0A237134713BF6978 /* Pods_FarmTimerTests.framework in Frameworks */ = {isa = PBXBuildFile; fileRef = 23E10F0BEDD661C3FEE8D484 /* Pods_FarmTimerTests.framework */; };
/* End PBXBuildFile section */

/* Begin PBXContainerItemProxy section */
		15C9073D2264ABFF0099EB26 /* PBXContainerItemProxy */ = {
			isa = PBXContainerItemProxy;
			containerPortal = 15C9071D2264ABFE0099EB26 /* Project object */;
			proxyType = 1;
			remoteGlobalIDString = 15C907242264ABFE0099EB26;
			remoteInfo = FarmTimer;
		};
		15E25C54226B7C3D0096FD41 /* PBXContainerItemProxy */ = {
			isa = PBXContainerItemProxy;
			containerPortal = 15C9071D2264ABFE0099EB26 /* Project object */;
			proxyType = 1;
			remoteGlobalIDString = 15E25C49226B7C3D0096FD41;
			remoteInfo = Comparators;
		};
		15E25C56226B7C3D0096FD41 /* PBXContainerItemProxy */ = {
			isa = PBXContainerItemProxy;
			containerPortal = 15C9071D2264ABFE0099EB26 /* Project object */;
			proxyType = 1;
			remoteGlobalIDString = 15C907242264ABFE0099EB26;
			remoteInfo = FarmTimer;
		};
		15E25C5D226B7C3D0096FD41 /* PBXContainerItemProxy */ = {
			isa = PBXContainerItemProxy;
			containerPortal = 15C9071D2264ABFE0099EB26 /* Project object */;
			proxyType = 1;
			remoteGlobalIDString = 15E25C49226B7C3D0096FD41;
			remoteInfo = Comparators;
		};
/* End PBXContainerItemProxy section */

/* Begin PBXCopyFilesBuildPhase section */
		15E25C66226B7C3D0096FD41 /* Embed Frameworks */ = {
			isa = PBXCopyFilesBuildPhase;
			buildActionMask = 2147483647;
			dstPath = "";
			dstSubfolderSpec = 10;
			files = (
				15E25C60226B7C3D0096FD41 /* Comparators.framework in Embed Frameworks */,
			);
			name = "Embed Frameworks";
			runOnlyForDeploymentPostprocessing = 0;
		};
/* End PBXCopyFilesBuildPhase section */

/* Begin PBXFileReference section */
		15506A6522660B2E009B14CB /* AlertFactory.swift */ = {isa = PBXFileReference; lastKnownFileType = sourcecode.swift; path = AlertFactory.swift; sourceTree = "<group>"; };
		155C1545226A127C009AF04F /* TimerViewModel.swift */ = {isa = PBXFileReference; lastKnownFileType = sourcecode.swift; path = TimerViewModel.swift; sourceTree = "<group>"; };
		155D8C2E2264C43A0062EE7C /* Coordinator.swift */ = {isa = PBXFileReference; lastKnownFileType = sourcecode.swift; path = Coordinator.swift; sourceTree = "<group>"; };
		155D8C312264C46E0062EE7C /* MainViewModel.swift */ = {isa = PBXFileReference; lastKnownFileType = sourcecode.swift; path = MainViewModel.swift; sourceTree = "<group>"; };
		15C907252264ABFE0099EB26 /* FarmTimer.app */ = {isa = PBXFileReference; explicitFileType = wrapper.application; includeInIndex = 0; path = FarmTimer.app; sourceTree = BUILT_PRODUCTS_DIR; };
		15C907282264ABFE0099EB26 /* AppDelegate.swift */ = {isa = PBXFileReference; lastKnownFileType = sourcecode.swift; path = AppDelegate.swift; sourceTree = "<group>"; };
		15C9072A2264ABFE0099EB26 /* ViewController.swift */ = {isa = PBXFileReference; lastKnownFileType = sourcecode.swift; path = ViewController.swift; sourceTree = "<group>"; };
		15C9072D2264ABFE0099EB26 /* Base */ = {isa = PBXFileReference; lastKnownFileType = file.storyboard; name = Base; path = Base.lproj/Main.storyboard; sourceTree = "<group>"; };
		15C907302264ABFE0099EB26 /* FarmTimer.xcdatamodel */ = {isa = PBXFileReference; lastKnownFileType = wrapper.xcdatamodel; path = FarmTimer.xcdatamodel; sourceTree = "<group>"; };
		15C907322264ABFF0099EB26 /* Assets.xcassets */ = {isa = PBXFileReference; lastKnownFileType = folder.assetcatalog; path = Assets.xcassets; sourceTree = "<group>"; };
		15C907352264ABFF0099EB26 /* Base */ = {isa = PBXFileReference; lastKnownFileType = file.storyboard; name = Base; path = Base.lproj/LaunchScreen.storyboard; sourceTree = "<group>"; };
		15C907372264ABFF0099EB26 /* Info.plist */ = {isa = PBXFileReference; lastKnownFileType = text.plist.xml; path = Info.plist; sourceTree = "<group>"; };
		15C9073C2264ABFF0099EB26 /* FarmTimerTests.xctest */ = {isa = PBXFileReference; explicitFileType = wrapper.cfbundle; includeInIndex = 0; path = FarmTimerTests.xctest; sourceTree = BUILT_PRODUCTS_DIR; };
		15C907402264ABFF0099EB26 /* FarmTimerTests.swift */ = {isa = PBXFileReference; lastKnownFileType = sourcecode.swift; path = FarmTimerTests.swift; sourceTree = "<group>"; };
		15C907422264ABFF0099EB26 /* Info.plist */ = {isa = PBXFileReference; lastKnownFileType = text.plist.xml; path = Info.plist; sourceTree = "<group>"; };
		15E25C4A226B7C3D0096FD41 /* Comparators.framework */ = {isa = PBXFileReference; explicitFileType = wrapper.framework; includeInIndex = 0; path = Comparators.framework; sourceTree = BUILT_PRODUCTS_DIR; };
		15E25C4C226B7C3D0096FD41 /* Comparators.h */ = {isa = PBXFileReference; lastKnownFileType = sourcecode.c.h; path = Comparators.h; sourceTree = "<group>"; };
		15E25C4D226B7C3D0096FD41 /* Info.plist */ = {isa = PBXFileReference; lastKnownFileType = text.plist.xml; path = Info.plist; sourceTree = "<group>"; };
		15E25C52226B7C3D0096FD41 /* ComparatorsTests.xctest */ = {isa = PBXFileReference; explicitFileType = wrapper.cfbundle; includeInIndex = 0; path = ComparatorsTests.xctest; sourceTree = BUILT_PRODUCTS_DIR; };
		15E25C59226B7C3D0096FD41 /* ComparatorsTests.swift */ = {isa = PBXFileReference; lastKnownFileType = sourcecode.swift; path = ComparatorsTests.swift; sourceTree = "<group>"; };
		15E25C5B226B7C3D0096FD41 /* Info.plist */ = {isa = PBXFileReference; lastKnownFileType = text.plist.xml; path = Info.plist; sourceTree = "<group>"; };
		15E25C68226B7CB80096FD41 /* Comparators.swift */ = {isa = PBXFileReference; lastKnownFileType = sourcecode.swift; path = Comparators.swift; sourceTree = "<group>"; };
		23E10F0BEDD661C3FEE8D484 /* Pods_FarmTimerTests.framework */ = {isa = PBXFileReference; explicitFileType = wrapper.framework; includeInIndex = 0; path = Pods_FarmTimerTests.framework; sourceTree = BUILT_PRODUCTS_DIR; };
		26306453BAE48955E365824A /* Pods_FarmTimer.framework */ = {isa = PBXFileReference; explicitFileType = wrapper.framework; includeInIndex = 0; path = Pods_FarmTimer.framework; sourceTree = BUILT_PRODUCTS_DIR; };
		3565DD5CC4F81B6C89A1AD07 /* Pods-FarmTimerTests.release.xcconfig */ = {isa = PBXFileReference; includeInIndex = 1; lastKnownFileType = text.xcconfig; name = "Pods-FarmTimerTests.release.xcconfig"; path = "Target Support Files/Pods-FarmTimerTests/Pods-FarmTimerTests.release.xcconfig"; sourceTree = "<group>"; };
		7A234C4B1701C1D87C8C1B6D /* Pods-FarmTimer.release.xcconfig */ = {isa = PBXFileReference; includeInIndex = 1; lastKnownFileType = text.xcconfig; name = "Pods-FarmTimer.release.xcconfig"; path = "Target Support Files/Pods-FarmTimer/Pods-FarmTimer.release.xcconfig"; sourceTree = "<group>"; };
		7CA7007A2A7764602481E1EC /* Pods-FarmTimerTests.debug.xcconfig */ = {isa = PBXFileReference; includeInIndex = 1; lastKnownFileType = text.xcconfig; name = "Pods-FarmTimerTests.debug.xcconfig"; path = "Target Support Files/Pods-FarmTimerTests/Pods-FarmTimerTests.debug.xcconfig"; sourceTree = "<group>"; };
		B15D749B2BCCFB1AEFBF20B8 /* Pods-FarmTimer.debug.xcconfig */ = {isa = PBXFileReference; includeInIndex = 1; lastKnownFileType = text.xcconfig; name = "Pods-FarmTimer.debug.xcconfig"; path = "Target Support Files/Pods-FarmTimer/Pods-FarmTimer.debug.xcconfig"; sourceTree = "<group>"; };
/* End PBXFileReference section */

/* Begin PBXFrameworksBuildPhase section */
		15C907222264ABFE0099EB26 /* Frameworks */ = {
			isa = PBXFrameworksBuildPhase;
			buildActionMask = 2147483647;
			files = (
				15E25C5F226B7C3D0096FD41 /* Comparators.framework in Frameworks */,
				E1D78B04129EEA85811B1058 /* Pods_FarmTimer.framework in Frameworks */,
			);
			runOnlyForDeploymentPostprocessing = 0;
		};
		15C907392264ABFF0099EB26 /* Frameworks */ = {
			isa = PBXFrameworksBuildPhase;
			buildActionMask = 2147483647;
			files = (
				EB0BD0E0A237134713BF6978 /* Pods_FarmTimerTests.framework in Frameworks */,
			);
			runOnlyForDeploymentPostprocessing = 0;
		};
		15E25C47226B7C3D0096FD41 /* Frameworks */ = {
			isa = PBXFrameworksBuildPhase;
			buildActionMask = 2147483647;
			files = (
			);
			runOnlyForDeploymentPostprocessing = 0;
		};
		15E25C4F226B7C3D0096FD41 /* Frameworks */ = {
			isa = PBXFrameworksBuildPhase;
			buildActionMask = 2147483647;
			files = (
				15E25C53226B7C3D0096FD41 /* Comparators.framework in Frameworks */,
			);
			runOnlyForDeploymentPostprocessing = 0;
		};
/* End PBXFrameworksBuildPhase section */

/* Begin PBXGroup section */
		15506A6422660B22009B14CB /* Factory */ = {
			isa = PBXGroup;
			children = (
				15506A6522660B2E009B14CB /* AlertFactory.swift */,
			);
			path = Factory;
			sourceTree = "<group>";
		};
		155C1544226A1273009AF04F /* Timer */ = {
			isa = PBXGroup;
			children = (
				155C1545226A127C009AF04F /* TimerViewModel.swift */,
			);
			path = Timer;
			sourceTree = "<group>";
		};
		155D8C2D2264C4290062EE7C /* Coordinator */ = {
			isa = PBXGroup;
			children = (
				15506A6422660B22009B14CB /* Factory */,
				155D8C2E2264C43A0062EE7C /* Coordinator.swift */,
			);
			path = Coordinator;
			sourceTree = "<group>";
		};
		155D8C302264C4610062EE7C /* Main */ = {
			isa = PBXGroup;
			children = (
				155D8C312264C46E0062EE7C /* MainViewModel.swift */,
			);
			path = Main;
			sourceTree = "<group>";
		};
		15C9071C2264ABFE0099EB26 = {
			isa = PBXGroup;
			children = (
				15C907272264ABFE0099EB26 /* FarmTimer */,
				15C9073F2264ABFF0099EB26 /* FarmTimerTests */,
				15E25C4B226B7C3D0096FD41 /* Comparators */,
				15E25C58226B7C3D0096FD41 /* ComparatorsTests */,
				15C907262264ABFE0099EB26 /* Products */,
				95AD413222C9AA56C27FCD0D /* Pods */,
				CE20CD8BE1B82658C041539A /* Frameworks */,
			);
			sourceTree = "<group>";
		};
		15C907262264ABFE0099EB26 /* Products */ = {
			isa = PBXGroup;
			children = (
				15C907252264ABFE0099EB26 /* FarmTimer.app */,
				15C9073C2264ABFF0099EB26 /* FarmTimerTests.xctest */,
				15E25C4A226B7C3D0096FD41 /* Comparators.framework */,
				15E25C52226B7C3D0096FD41 /* ComparatorsTests.xctest */,
			);
			name = Products;
			sourceTree = "<group>";
		};
		15C907272264ABFE0099EB26 /* FarmTimer */ = {
			isa = PBXGroup;
			children = (
				155C1544226A1273009AF04F /* Timer */,
				155D8C302264C4610062EE7C /* Main */,
				155D8C2D2264C4290062EE7C /* Coordinator */,
				15C907282264ABFE0099EB26 /* AppDelegate.swift */,
				15C9072A2264ABFE0099EB26 /* ViewController.swift */,
				15C9072C2264ABFE0099EB26 /* Main.storyboard */,
				15C907322264ABFF0099EB26 /* Assets.xcassets */,
				15C907342264ABFF0099EB26 /* LaunchScreen.storyboard */,
				15C907372264ABFF0099EB26 /* Info.plist */,
				15C9072F2264ABFE0099EB26 /* FarmTimer.xcdatamodeld */,
			);
			path = FarmTimer;
			sourceTree = "<group>";
		};
		15C9073F2264ABFF0099EB26 /* FarmTimerTests */ = {
			isa = PBXGroup;
			children = (
				15C907402264ABFF0099EB26 /* FarmTimerTests.swift */,
				15C907422264ABFF0099EB26 /* Info.plist */,
			);
			path = FarmTimerTests;
			sourceTree = "<group>";
		};
		15E25C4B226B7C3D0096FD41 /* Comparators */ = {
			isa = PBXGroup;
			children = (
				15E25C4C226B7C3D0096FD41 /* Comparators.h */,
				15E25C68226B7CB80096FD41 /* Comparators.swift */,
				15E25C4D226B7C3D0096FD41 /* Info.plist */,
			);
			path = Comparators;
			sourceTree = "<group>";
		};
		15E25C58226B7C3D0096FD41 /* ComparatorsTests */ = {
			isa = PBXGroup;
			children = (
				15E25C59226B7C3D0096FD41 /* ComparatorsTests.swift */,
				15E25C5B226B7C3D0096FD41 /* Info.plist */,
			);
			path = ComparatorsTests;
			sourceTree = "<group>";
		};
		95AD413222C9AA56C27FCD0D /* Pods */ = {
			isa = PBXGroup;
			children = (
				B15D749B2BCCFB1AEFBF20B8 /* Pods-FarmTimer.debug.xcconfig */,
				7A234C4B1701C1D87C8C1B6D /* Pods-FarmTimer.release.xcconfig */,
				7CA7007A2A7764602481E1EC /* Pods-FarmTimerTests.debug.xcconfig */,
				3565DD5CC4F81B6C89A1AD07 /* Pods-FarmTimerTests.release.xcconfig */,
			);
			path = Pods;
			sourceTree = "<group>";
		};
		CE20CD8BE1B82658C041539A /* Frameworks */ = {
			isa = PBXGroup;
			children = (
				26306453BAE48955E365824A /* Pods_FarmTimer.framework */,
				23E10F0BEDD661C3FEE8D484 /* Pods_FarmTimerTests.framework */,
			);
			name = Frameworks;
			sourceTree = "<group>";
		};
/* End PBXGroup section */

/* Begin PBXHeadersBuildPhase section */
		15E25C45226B7C3D0096FD41 /* Headers */ = {
			isa = PBXHeadersBuildPhase;
			buildActionMask = 2147483647;
			files = (
				15E25C5C226B7C3D0096FD41 /* Comparators.h in Headers */,
			);
			runOnlyForDeploymentPostprocessing = 0;
		};
/* End PBXHeadersBuildPhase section */

/* Begin PBXNativeTarget section */
		15C907242264ABFE0099EB26 /* FarmTimer */ = {
			isa = PBXNativeTarget;
			buildConfigurationList = 15C907452264ABFF0099EB26 /* Build configuration list for PBXNativeTarget "FarmTimer" */;
			buildPhases = (
				D6FC1A54B4280F440D9FF4C6 /* [CP] Check Pods Manifest.lock */,
				15C907212264ABFE0099EB26 /* Sources */,
				15C907222264ABFE0099EB26 /* Frameworks */,
				15C907232264ABFE0099EB26 /* Resources */,
				E3E1BB7F5110D10D7358267B /* [CP] Embed Pods Frameworks */,
				15C9074B2264B0550099EB26 /* ShellScript */,
				15E25C66226B7C3D0096FD41 /* Embed Frameworks */,
			);
			buildRules = (
			);
			dependencies = (
				15E25C5E226B7C3D0096FD41 /* PBXTargetDependency */,
			);
			name = FarmTimer;
			productName = FarmTimer;
			productReference = 15C907252264ABFE0099EB26 /* FarmTimer.app */;
			productType = "com.apple.product-type.application";
		};
		15C9073B2264ABFF0099EB26 /* FarmTimerTests */ = {
			isa = PBXNativeTarget;
			buildConfigurationList = 15C907482264ABFF0099EB26 /* Build configuration list for PBXNativeTarget "FarmTimerTests" */;
			buildPhases = (
				EB7AAE23CCE9B8F01D805FCE /* [CP] Check Pods Manifest.lock */,
				15C907382264ABFF0099EB26 /* Sources */,
				15C907392264ABFF0099EB26 /* Frameworks */,
				15C9073A2264ABFF0099EB26 /* Resources */,
				55E83422C29B0E10EA0761B2 /* [CP] Embed Pods Frameworks */,
			);
			buildRules = (
			);
			dependencies = (
				15C9073E2264ABFF0099EB26 /* PBXTargetDependency */,
			);
			name = FarmTimerTests;
			productName = FarmTimerTests;
			productReference = 15C9073C2264ABFF0099EB26 /* FarmTimerTests.xctest */;
			productType = "com.apple.product-type.bundle.unit-test";
		};
		15E25C49226B7C3D0096FD41 /* Comparators */ = {
			isa = PBXNativeTarget;
			buildConfigurationList = 15E25C65226B7C3D0096FD41 /* Build configuration list for PBXNativeTarget "Comparators" */;
			buildPhases = (
				15E25C45226B7C3D0096FD41 /* Headers */,
				15E25C46226B7C3D0096FD41 /* Sources */,
				15E25C47226B7C3D0096FD41 /* Frameworks */,
				15E25C48226B7C3D0096FD41 /* Resources */,
			);
			buildRules = (
			);
			dependencies = (
			);
			name = Comparators;
			productName = Comparators;
			productReference = 15E25C4A226B7C3D0096FD41 /* Comparators.framework */;
			productType = "com.apple.product-type.framework";
		};
		15E25C51226B7C3D0096FD41 /* ComparatorsTests */ = {
			isa = PBXNativeTarget;
			buildConfigurationList = 15E25C67226B7C3D0096FD41 /* Build configuration list for PBXNativeTarget "ComparatorsTests" */;
			buildPhases = (
				15E25C4E226B7C3D0096FD41 /* Sources */,
				15E25C4F226B7C3D0096FD41 /* Frameworks */,
				15E25C50226B7C3D0096FD41 /* Resources */,
			);
			buildRules = (
			);
			dependencies = (
				15E25C55226B7C3D0096FD41 /* PBXTargetDependency */,
				15E25C57226B7C3D0096FD41 /* PBXTargetDependency */,
			);
			name = ComparatorsTests;
			productName = ComparatorsTests;
			productReference = 15E25C52226B7C3D0096FD41 /* ComparatorsTests.xctest */;
			productType = "com.apple.product-type.bundle.unit-test";
		};
/* End PBXNativeTarget section */

/* Begin PBXProject section */
		15C9071D2264ABFE0099EB26 /* Project object */ = {
			isa = PBXProject;
			attributes = {
				LastSwiftUpdateCheck = 1020;
				LastUpgradeCheck = 1020;
				ORGANIZATIONNAME = rollmind;
				TargetAttributes = {
					15C907242264ABFE0099EB26 = {
						CreatedOnToolsVersion = 10.2;
					};
					15C9073B2264ABFF0099EB26 = {
						CreatedOnToolsVersion = 10.2;
						TestTargetID = 15C907242264ABFE0099EB26;
					};
					15E25C49226B7C3D0096FD41 = {
						CreatedOnToolsVersion = 10.2.1;
						LastSwiftMigration = 1020;
					};
					15E25C51226B7C3D0096FD41 = {
						CreatedOnToolsVersion = 10.2.1;
						TestTargetID = 15C907242264ABFE0099EB26;
					};
				};
			};
			buildConfigurationList = 15C907202264ABFE0099EB26 /* Build configuration list for PBXProject "FarmTimer" */;
			compatibilityVersion = "Xcode 9.3";
			developmentRegion = en;
			hasScannedForEncodings = 0;
			knownRegions = (
				en,
				Base,
			);
			mainGroup = 15C9071C2264ABFE0099EB26;
			productRefGroup = 15C907262264ABFE0099EB26 /* Products */;
			projectDirPath = "";
			projectRoot = "";
			targets = (
				15C907242264ABFE0099EB26 /* FarmTimer */,
				15C9073B2264ABFF0099EB26 /* FarmTimerTests */,
				15E25C49226B7C3D0096FD41 /* Comparators */,
				15E25C51226B7C3D0096FD41 /* ComparatorsTests */,
			);
		};
/* End PBXProject section */

/* Begin PBXResourcesBuildPhase section */
		15C907232264ABFE0099EB26 /* Resources */ = {
			isa = PBXResourcesBuildPhase;
			buildActionMask = 2147483647;
			files = (
				15C907362264ABFF0099EB26 /* LaunchScreen.storyboard in Resources */,
				15C907332264ABFF0099EB26 /* Assets.xcassets in Resources */,
				15C9072E2264ABFE0099EB26 /* Main.storyboard in Resources */,
			);
			runOnlyForDeploymentPostprocessing = 0;
		};
		15C9073A2264ABFF0099EB26 /* Resources */ = {
			isa = PBXResourcesBuildPhase;
			buildActionMask = 2147483647;
			files = (
			);
			runOnlyForDeploymentPostprocessing = 0;
		};
		15E25C48226B7C3D0096FD41 /* Resources */ = {
			isa = PBXResourcesBuildPhase;
			buildActionMask = 2147483647;
			files = (
			);
			runOnlyForDeploymentPostprocessing = 0;
		};
		15E25C50226B7C3D0096FD41 /* Resources */ = {
			isa = PBXResourcesBuildPhase;
			buildActionMask = 2147483647;
			files = (
			);
			runOnlyForDeploymentPostprocessing = 0;
		};
/* End PBXResourcesBuildPhase section */

/* Begin PBXShellScriptBuildPhase section */
		15C9074B2264B0550099EB26 /* ShellScript */ = {
			isa = PBXShellScriptBuildPhase;
			buildActionMask = 2147483647;
			files = (
			);
			inputFileListPaths = (
			);
			inputPaths = (
			);
			outputFileListPaths = (
			);
			outputPaths = (
			);
			runOnlyForDeploymentPostprocessing = 0;
			shellPath = /bin/sh;
			shellScript = "if which \"${PODS_ROOT}/SwiftLint/swiftlint\" >/dev/null; then\n    \"${PODS_ROOT}/SwiftLint/swiftlint\"\nelse\n    echo \"warning: SwiftLint not installed, download from https://github.com/realm/SwiftLint\"\nfi\n";
		};
		55E83422C29B0E10EA0761B2 /* [CP] Embed Pods Frameworks */ = {
			isa = PBXShellScriptBuildPhase;
			buildActionMask = 2147483647;
			files = (
			);
			inputFileListPaths = (
			);
			inputPaths = (
				"${PODS_ROOT}/Target Support Files/Pods-FarmTimerTests/Pods-FarmTimerTests-frameworks.sh",
				"${BUILT_PRODUCTS_DIR}/RxCocoa/RxCocoa.framework",
				"${BUILT_PRODUCTS_DIR}/RxSwift/RxSwift.framework",
				"${BUILT_PRODUCTS_DIR}/Nimble/Nimble.framework",
				"${BUILT_PRODUCTS_DIR}/Quick/Quick.framework",
				"${BUILT_PRODUCTS_DIR}/RxBlocking/RxBlocking.framework",
				"${BUILT_PRODUCTS_DIR}/RxExpect/RxExpect.framework",
				"${BUILT_PRODUCTS_DIR}/RxTest/RxTest.framework",
			);
			name = "[CP] Embed Pods Frameworks";
			outputFileListPaths = (
			);
			outputPaths = (
				"${TARGET_BUILD_DIR}/${FRAMEWORKS_FOLDER_PATH}/RxCocoa.framework",
				"${TARGET_BUILD_DIR}/${FRAMEWORKS_FOLDER_PATH}/RxSwift.framework",
				"${TARGET_BUILD_DIR}/${FRAMEWORKS_FOLDER_PATH}/Nimble.framework",
				"${TARGET_BUILD_DIR}/${FRAMEWORKS_FOLDER_PATH}/Quick.framework",
				"${TARGET_BUILD_DIR}/${FRAMEWORKS_FOLDER_PATH}/RxBlocking.framework",
				"${TARGET_BUILD_DIR}/${FRAMEWORKS_FOLDER_PATH}/RxExpect.framework",
				"${TARGET_BUILD_DIR}/${FRAMEWORKS_FOLDER_PATH}/RxTest.framework",
			);
			runOnlyForDeploymentPostprocessing = 0;
			shellPath = /bin/sh;
			shellScript = "\"${PODS_ROOT}/Target Support Files/Pods-FarmTimerTests/Pods-FarmTimerTests-frameworks.sh\"\n";
			showEnvVarsInLog = 0;
		};
		D6FC1A54B4280F440D9FF4C6 /* [CP] Check Pods Manifest.lock */ = {
			isa = PBXShellScriptBuildPhase;
			buildActionMask = 2147483647;
			files = (
			);
			inputFileListPaths = (
			);
			inputPaths = (
				"${PODS_PODFILE_DIR_PATH}/Podfile.lock",
				"${PODS_ROOT}/Manifest.lock",
			);
			name = "[CP] Check Pods Manifest.lock";
			outputFileListPaths = (
			);
			outputPaths = (
				"$(DERIVED_FILE_DIR)/Pods-FarmTimer-checkManifestLockResult.txt",
			);
			runOnlyForDeploymentPostprocessing = 0;
			shellPath = /bin/sh;
			shellScript = "diff \"${PODS_PODFILE_DIR_PATH}/Podfile.lock\" \"${PODS_ROOT}/Manifest.lock\" > /dev/null\nif [ $? != 0 ] ; then\n    # print error to STDERR\n    echo \"error: The sandbox is not in sync with the Podfile.lock. Run 'pod install' or update your CocoaPods installation.\" >&2\n    exit 1\nfi\n# This output is used by Xcode 'outputs' to avoid re-running this script phase.\necho \"SUCCESS\" > \"${SCRIPT_OUTPUT_FILE_0}\"\n";
			showEnvVarsInLog = 0;
		};
		E3E1BB7F5110D10D7358267B /* [CP] Embed Pods Frameworks */ = {
			isa = PBXShellScriptBuildPhase;
			buildActionMask = 2147483647;
			files = (
			);
			inputFileListPaths = (
			);
			inputPaths = (
				"${PODS_ROOT}/Target Support Files/Pods-FarmTimer/Pods-FarmTimer-frameworks.sh",
				"${BUILT_PRODUCTS_DIR}/Action/Action.framework",
				"${BUILT_PRODUCTS_DIR}/RxCocoa/RxCocoa.framework",
				"${BUILT_PRODUCTS_DIR}/RxSwift/RxSwift.framework",
				"${BUILT_PRODUCTS_DIR}/SnapKit/SnapKit.framework",
			);
			name = "[CP] Embed Pods Frameworks";
			outputFileListPaths = (
			);
			outputPaths = (
				"${TARGET_BUILD_DIR}/${FRAMEWORKS_FOLDER_PATH}/Action.framework",
				"${TARGET_BUILD_DIR}/${FRAMEWORKS_FOLDER_PATH}/RxCocoa.framework",
				"${TARGET_BUILD_DIR}/${FRAMEWORKS_FOLDER_PATH}/RxSwift.framework",
				"${TARGET_BUILD_DIR}/${FRAMEWORKS_FOLDER_PATH}/SnapKit.framework",
			);
			runOnlyForDeploymentPostprocessing = 0;
			shellPath = /bin/sh;
			shellScript = "\"${PODS_ROOT}/Target Support Files/Pods-FarmTimer/Pods-FarmTimer-frameworks.sh\"\n";
			showEnvVarsInLog = 0;
		};
		EB7AAE23CCE9B8F01D805FCE /* [CP] Check Pods Manifest.lock */ = {
			isa = PBXShellScriptBuildPhase;
			buildActionMask = 2147483647;
			files = (
			);
			inputFileListPaths = (
			);
			inputPaths = (
				"${PODS_PODFILE_DIR_PATH}/Podfile.lock",
				"${PODS_ROOT}/Manifest.lock",
			);
			name = "[CP] Check Pods Manifest.lock";
			outputFileListPaths = (
			);
			outputPaths = (
				"$(DERIVED_FILE_DIR)/Pods-FarmTimerTests-checkManifestLockResult.txt",
			);
			runOnlyForDeploymentPostprocessing = 0;
			shellPath = /bin/sh;
			shellScript = "diff \"${PODS_PODFILE_DIR_PATH}/Podfile.lock\" \"${PODS_ROOT}/Manifest.lock\" > /dev/null\nif [ $? != 0 ] ; then\n    # print error to STDERR\n    echo \"error: The sandbox is not in sync with the Podfile.lock. Run 'pod install' or update your CocoaPods installation.\" >&2\n    exit 1\nfi\n# This output is used by Xcode 'outputs' to avoid re-running this script phase.\necho \"SUCCESS\" > \"${SCRIPT_OUTPUT_FILE_0}\"\n";
			showEnvVarsInLog = 0;
		};
/* End PBXShellScriptBuildPhase section */

/* Begin PBXSourcesBuildPhase section */
		15C907212264ABFE0099EB26 /* Sources */ = {
			isa = PBXSourcesBuildPhase;
			buildActionMask = 2147483647;
			files = (
				155C1546226A127C009AF04F /* TimerViewModel.swift in Sources */,
				155D8C322264C46E0062EE7C /* MainViewModel.swift in Sources */,
				155D8C2F2264C43A0062EE7C /* Coordinator.swift in Sources */,
				15C9072B2264ABFE0099EB26 /* ViewController.swift in Sources */,
				15C907292264ABFE0099EB26 /* AppDelegate.swift in Sources */,
				15C907312264ABFE0099EB26 /* FarmTimer.xcdatamodeld in Sources */,
				15506A6622660B2E009B14CB /* AlertFactory.swift in Sources */,
			);
			runOnlyForDeploymentPostprocessing = 0;
		};
		15C907382264ABFF0099EB26 /* Sources */ = {
			isa = PBXSourcesBuildPhase;
			buildActionMask = 2147483647;
			files = (
				15C907412264ABFF0099EB26 /* FarmTimerTests.swift in Sources */,
			);
			runOnlyForDeploymentPostprocessing = 0;
		};
		15E25C46226B7C3D0096FD41 /* Sources */ = {
			isa = PBXSourcesBuildPhase;
			buildActionMask = 2147483647;
			files = (
				15E25C69226B7CB80096FD41 /* Comparators.swift in Sources */,
			);
			runOnlyForDeploymentPostprocessing = 0;
		};
		15E25C4E226B7C3D0096FD41 /* Sources */ = {
			isa = PBXSourcesBuildPhase;
			buildActionMask = 2147483647;
			files = (
				15E25C5A226B7C3D0096FD41 /* ComparatorsTests.swift in Sources */,
			);
			runOnlyForDeploymentPostprocessing = 0;
		};
/* End PBXSourcesBuildPhase section */

/* Begin PBXTargetDependency section */
		15C9073E2264ABFF0099EB26 /* PBXTargetDependency */ = {
			isa = PBXTargetDependency;
			target = 15C907242264ABFE0099EB26 /* FarmTimer */;
			targetProxy = 15C9073D2264ABFF0099EB26 /* PBXContainerItemProxy */;
		};
		15E25C55226B7C3D0096FD41 /* PBXTargetDependency */ = {
			isa = PBXTargetDependency;
			target = 15E25C49226B7C3D0096FD41 /* Comparators */;
			targetProxy = 15E25C54226B7C3D0096FD41 /* PBXContainerItemProxy */;
		};
		15E25C57226B7C3D0096FD41 /* PBXTargetDependency */ = {
			isa = PBXTargetDependency;
			target = 15C907242264ABFE0099EB26 /* FarmTimer */;
			targetProxy = 15E25C56226B7C3D0096FD41 /* PBXContainerItemProxy */;
		};
		15E25C5E226B7C3D0096FD41 /* PBXTargetDependency */ = {
			isa = PBXTargetDependency;
			target = 15E25C49226B7C3D0096FD41 /* Comparators */;
			targetProxy = 15E25C5D226B7C3D0096FD41 /* PBXContainerItemProxy */;
		};
/* End PBXTargetDependency section */

/* Begin PBXVariantGroup section */
		15C9072C2264ABFE0099EB26 /* Main.storyboard */ = {
			isa = PBXVariantGroup;
			children = (
				15C9072D2264ABFE0099EB26 /* Base */,
			);
			name = Main.storyboard;
			sourceTree = "<group>";
		};
		15C907342264ABFF0099EB26 /* LaunchScreen.storyboard */ = {
			isa = PBXVariantGroup;
			children = (
				15C907352264ABFF0099EB26 /* Base */,
			);
			name = LaunchScreen.storyboard;
			sourceTree = "<group>";
		};
/* End PBXVariantGroup section */

/* Begin XCBuildConfiguration section */
		15C907432264ABFF0099EB26 /* Debug */ = {
			isa = XCBuildConfiguration;
			buildSettings = {
				ALWAYS_SEARCH_USER_PATHS = NO;
				CLANG_ANALYZER_NONNULL = YES;
				CLANG_ANALYZER_NUMBER_OBJECT_CONVERSION = YES_AGGRESSIVE;
				CLANG_CXX_LANGUAGE_STANDARD = "gnu++14";
				CLANG_CXX_LIBRARY = "libc++";
				CLANG_ENABLE_MODULES = YES;
				CLANG_ENABLE_OBJC_ARC = YES;
				CLANG_ENABLE_OBJC_WEAK = YES;
				CLANG_WARN_BLOCK_CAPTURE_AUTORELEASING = YES;
				CLANG_WARN_BOOL_CONVERSION = YES;
				CLANG_WARN_COMMA = YES;
				CLANG_WARN_CONSTANT_CONVERSION = YES;
				CLANG_WARN_DEPRECATED_OBJC_IMPLEMENTATIONS = YES;
				CLANG_WARN_DIRECT_OBJC_ISA_USAGE = YES_ERROR;
				CLANG_WARN_DOCUMENTATION_COMMENTS = YES;
				CLANG_WARN_EMPTY_BODY = YES;
				CLANG_WARN_ENUM_CONVERSION = YES;
				CLANG_WARN_INFINITE_RECURSION = YES;
				CLANG_WARN_INT_CONVERSION = YES;
				CLANG_WARN_NON_LITERAL_NULL_CONVERSION = YES;
				CLANG_WARN_OBJC_IMPLICIT_RETAIN_SELF = YES;
				CLANG_WARN_OBJC_LITERAL_CONVERSION = YES;
				CLANG_WARN_OBJC_ROOT_CLASS = YES_ERROR;
				CLANG_WARN_RANGE_LOOP_ANALYSIS = YES;
				CLANG_WARN_STRICT_PROTOTYPES = YES;
				CLANG_WARN_SUSPICIOUS_MOVE = YES;
				CLANG_WARN_UNGUARDED_AVAILABILITY = YES_AGGRESSIVE;
				CLANG_WARN_UNREACHABLE_CODE = YES;
				CLANG_WARN__DUPLICATE_METHOD_MATCH = YES;
				CODE_SIGN_IDENTITY = "iPhone Developer";
				COPY_PHASE_STRIP = NO;
				DEBUG_INFORMATION_FORMAT = dwarf;
				ENABLE_STRICT_OBJC_MSGSEND = YES;
				ENABLE_TESTABILITY = YES;
				GCC_C_LANGUAGE_STANDARD = gnu11;
				GCC_DYNAMIC_NO_PIC = NO;
				GCC_NO_COMMON_BLOCKS = YES;
				GCC_OPTIMIZATION_LEVEL = 0;
				GCC_PREPROCESSOR_DEFINITIONS = (
					"DEBUG=1",
					"$(inherited)",
				);
				GCC_WARN_64_TO_32_BIT_CONVERSION = YES;
				GCC_WARN_ABOUT_RETURN_TYPE = YES_ERROR;
				GCC_WARN_UNDECLARED_SELECTOR = YES;
				GCC_WARN_UNINITIALIZED_AUTOS = YES_AGGRESSIVE;
				GCC_WARN_UNUSED_FUNCTION = YES;
				GCC_WARN_UNUSED_VARIABLE = YES;
				IPHONEOS_DEPLOYMENT_TARGET = 12.2;
				MTL_ENABLE_DEBUG_INFO = INCLUDE_SOURCE;
				MTL_FAST_MATH = YES;
				ONLY_ACTIVE_ARCH = YES;
				SDKROOT = iphoneos;
				SWIFT_ACTIVE_COMPILATION_CONDITIONS = DEBUG;
				SWIFT_OPTIMIZATION_LEVEL = "-Onone";
			};
			name = Debug;
		};
		15C907442264ABFF0099EB26 /* Release */ = {
			isa = XCBuildConfiguration;
			buildSettings = {
				ALWAYS_SEARCH_USER_PATHS = NO;
				CLANG_ANALYZER_NONNULL = YES;
				CLANG_ANALYZER_NUMBER_OBJECT_CONVERSION = YES_AGGRESSIVE;
				CLANG_CXX_LANGUAGE_STANDARD = "gnu++14";
				CLANG_CXX_LIBRARY = "libc++";
				CLANG_ENABLE_MODULES = YES;
				CLANG_ENABLE_OBJC_ARC = YES;
				CLANG_ENABLE_OBJC_WEAK = YES;
				CLANG_WARN_BLOCK_CAPTURE_AUTORELEASING = YES;
				CLANG_WARN_BOOL_CONVERSION = YES;
				CLANG_WARN_COMMA = YES;
				CLANG_WARN_CONSTANT_CONVERSION = YES;
				CLANG_WARN_DEPRECATED_OBJC_IMPLEMENTATIONS = YES;
				CLANG_WARN_DIRECT_OBJC_ISA_USAGE = YES_ERROR;
				CLANG_WARN_DOCUMENTATION_COMMENTS = YES;
				CLANG_WARN_EMPTY_BODY = YES;
				CLANG_WARN_ENUM_CONVERSION = YES;
				CLANG_WARN_INFINITE_RECURSION = YES;
				CLANG_WARN_INT_CONVERSION = YES;
				CLANG_WARN_NON_LITERAL_NULL_CONVERSION = YES;
				CLANG_WARN_OBJC_IMPLICIT_RETAIN_SELF = YES;
				CLANG_WARN_OBJC_LITERAL_CONVERSION = YES;
				CLANG_WARN_OBJC_ROOT_CLASS = YES_ERROR;
				CLANG_WARN_RANGE_LOOP_ANALYSIS = YES;
				CLANG_WARN_STRICT_PROTOTYPES = YES;
				CLANG_WARN_SUSPICIOUS_MOVE = YES;
				CLANG_WARN_UNGUARDED_AVAILABILITY = YES_AGGRESSIVE;
				CLANG_WARN_UNREACHABLE_CODE = YES;
				CLANG_WARN__DUPLICATE_METHOD_MATCH = YES;
				CODE_SIGN_IDENTITY = "iPhone Developer";
				COPY_PHASE_STRIP = NO;
				DEBUG_INFORMATION_FORMAT = "dwarf-with-dsym";
				ENABLE_NS_ASSERTIONS = NO;
				ENABLE_STRICT_OBJC_MSGSEND = YES;
				GCC_C_LANGUAGE_STANDARD = gnu11;
				GCC_NO_COMMON_BLOCKS = YES;
				GCC_WARN_64_TO_32_BIT_CONVERSION = YES;
				GCC_WARN_ABOUT_RETURN_TYPE = YES_ERROR;
				GCC_WARN_UNDECLARED_SELECTOR = YES;
				GCC_WARN_UNINITIALIZED_AUTOS = YES_AGGRESSIVE;
				GCC_WARN_UNUSED_FUNCTION = YES;
				GCC_WARN_UNUSED_VARIABLE = YES;
				IPHONEOS_DEPLOYMENT_TARGET = 12.2;
				MTL_ENABLE_DEBUG_INFO = NO;
				MTL_FAST_MATH = YES;
				SDKROOT = iphoneos;
				SWIFT_COMPILATION_MODE = wholemodule;
				SWIFT_OPTIMIZATION_LEVEL = "-O";
				VALIDATE_PRODUCT = YES;
			};
			name = Release;
		};
		15C907462264ABFF0099EB26 /* Debug */ = {
			isa = XCBuildConfiguration;
			baseConfigurationReference = B15D749B2BCCFB1AEFBF20B8 /* Pods-FarmTimer.debug.xcconfig */;
			buildSettings = {
				ALWAYS_EMBED_SWIFT_STANDARD_LIBRARIES = YES;
				ASSETCATALOG_COMPILER_APPICON_NAME = AppIcon;
				CODE_SIGN_STYLE = Automatic;
				DEVELOPMENT_TEAM = HY47J4787Q;
				INFOPLIST_FILE = FarmTimer/Info.plist;
				LD_RUNPATH_SEARCH_PATHS = (
					"$(inherited)",
					"@executable_path/Frameworks",
				);
				PRODUCT_BUNDLE_IDENTIFIER = com.rollmind.FarmTimer;
				PRODUCT_NAME = "$(TARGET_NAME)";
				SWIFT_VERSION = 5.0;
				TARGETED_DEVICE_FAMILY = "1,2";
			};
			name = Debug;
		};
		15C907472264ABFF0099EB26 /* Release */ = {
			isa = XCBuildConfiguration;
			baseConfigurationReference = 7A234C4B1701C1D87C8C1B6D /* Pods-FarmTimer.release.xcconfig */;
			buildSettings = {
				ALWAYS_EMBED_SWIFT_STANDARD_LIBRARIES = YES;
				ASSETCATALOG_COMPILER_APPICON_NAME = AppIcon;
				CODE_SIGN_STYLE = Automatic;
				DEVELOPMENT_TEAM = HY47J4787Q;
				INFOPLIST_FILE = FarmTimer/Info.plist;
				LD_RUNPATH_SEARCH_PATHS = (
					"$(inherited)",
					"@executable_path/Frameworks",
				);
				PRODUCT_BUNDLE_IDENTIFIER = com.rollmind.FarmTimer;
				PRODUCT_NAME = "$(TARGET_NAME)";
				SWIFT_VERSION = 5.0;
				TARGETED_DEVICE_FAMILY = "1,2";
			};
			name = Release;
		};
		15C907492264ABFF0099EB26 /* Debug */ = {
			isa = XCBuildConfiguration;
			baseConfigurationReference = 7CA7007A2A7764602481E1EC /* Pods-FarmTimerTests.debug.xcconfig */;
			buildSettings = {
				ALWAYS_EMBED_SWIFT_STANDARD_LIBRARIES = YES;
				BUNDLE_LOADER = "$(TEST_HOST)";
				CODE_SIGN_STYLE = Automatic;
				DEVELOPMENT_TEAM = HY47J4787Q;
				INFOPLIST_FILE = FarmTimerTests/Info.plist;
				LD_RUNPATH_SEARCH_PATHS = (
					"$(inherited)",
					"@executable_path/Frameworks",
					"@loader_path/Frameworks",
				);
				PRODUCT_BUNDLE_IDENTIFIER = com.rollmind.FarmTimerTests;
				PRODUCT_NAME = "$(TARGET_NAME)";
				SWIFT_VERSION = 5.0;
				TARGETED_DEVICE_FAMILY = "1,2";
				TEST_HOST = "$(BUILT_PRODUCTS_DIR)/FarmTimer.app/FarmTimer";
			};
			name = Debug;
		};
		15C9074A2264ABFF0099EB26 /* Release */ = {
			isa = XCBuildConfiguration;
			baseConfigurationReference = 3565DD5CC4F81B6C89A1AD07 /* Pods-FarmTimerTests.release.xcconfig */;
			buildSettings = {
				ALWAYS_EMBED_SWIFT_STANDARD_LIBRARIES = YES;
				BUNDLE_LOADER = "$(TEST_HOST)";
				CODE_SIGN_STYLE = Automatic;
				DEVELOPMENT_TEAM = HY47J4787Q;
				INFOPLIST_FILE = FarmTimerTests/Info.plist;
				LD_RUNPATH_SEARCH_PATHS = (
					"$(inherited)",
					"@executable_path/Frameworks",
					"@loader_path/Frameworks",
				);
				PRODUCT_BUNDLE_IDENTIFIER = com.rollmind.FarmTimerTests;
				PRODUCT_NAME = "$(TARGET_NAME)";
				SWIFT_VERSION = 5.0;
				TARGETED_DEVICE_FAMILY = "1,2";
				TEST_HOST = "$(BUILT_PRODUCTS_DIR)/FarmTimer.app/FarmTimer";
			};
			name = Release;
		};
		15E25C61226B7C3D0096FD41 /* Debug */ = {
			isa = XCBuildConfiguration;
			buildSettings = {
				CLANG_ENABLE_MODULES = YES;
				CODE_SIGN_IDENTITY = "";
				CODE_SIGN_STYLE = Automatic;
				CURRENT_PROJECT_VERSION = 1;
				DEFINES_MODULE = YES;
				DEVELOPMENT_TEAM = HY47J4787Q;
				DYLIB_COMPATIBILITY_VERSION = 1;
				DYLIB_CURRENT_VERSION = 1;
				DYLIB_INSTALL_NAME_BASE = "@rpath";
				INFOPLIST_FILE = Comparators/Info.plist;
				INSTALL_PATH = "$(LOCAL_LIBRARY_DIR)/Frameworks";
				LD_RUNPATH_SEARCH_PATHS = (
					"$(inherited)",
					"@executable_path/Frameworks",
					"@loader_path/Frameworks",
				);
				PRODUCT_BUNDLE_IDENTIFIER = com.rollmind.Comparators;
				PRODUCT_NAME = "$(TARGET_NAME:c99extidentifier)";
				SKIP_INSTALL = YES;
				SWIFT_OPTIMIZATION_LEVEL = "-Onone";
				SWIFT_VERSION = 5.0;
				TARGETED_DEVICE_FAMILY = "1,2";
				VERSIONING_SYSTEM = "apple-generic";
				VERSION_INFO_PREFIX = "";
			};
			name = Debug;
		};
		15E25C62226B7C3D0096FD41 /* Release */ = {
			isa = XCBuildConfiguration;
			buildSettings = {
				CLANG_ENABLE_MODULES = YES;
				CODE_SIGN_IDENTITY = "";
				CODE_SIGN_STYLE = Automatic;
				CURRENT_PROJECT_VERSION = 1;
				DEFINES_MODULE = YES;
				DEVELOPMENT_TEAM = HY47J4787Q;
				DYLIB_COMPATIBILITY_VERSION = 1;
				DYLIB_CURRENT_VERSION = 1;
				DYLIB_INSTALL_NAME_BASE = "@rpath";
				INFOPLIST_FILE = Comparators/Info.plist;
				INSTALL_PATH = "$(LOCAL_LIBRARY_DIR)/Frameworks";
				LD_RUNPATH_SEARCH_PATHS = (
					"$(inherited)",
					"@executable_path/Frameworks",
					"@loader_path/Frameworks",
				);
				PRODUCT_BUNDLE_IDENTIFIER = com.rollmind.Comparators;
				PRODUCT_NAME = "$(TARGET_NAME:c99extidentifier)";
				SKIP_INSTALL = YES;
				SWIFT_VERSION = 5.0;
				TARGETED_DEVICE_FAMILY = "1,2";
				VERSIONING_SYSTEM = "apple-generic";
				VERSION_INFO_PREFIX = "";
			};
			name = Release;
		};
		15E25C63226B7C3D0096FD41 /* Debug */ = {
			isa = XCBuildConfiguration;
			buildSettings = {
				ALWAYS_EMBED_SWIFT_STANDARD_LIBRARIES = YES;
				CODE_SIGN_STYLE = Automatic;
				DEVELOPMENT_TEAM = HY47J4787Q;
				INFOPLIST_FILE = ComparatorsTests/Info.plist;
				LD_RUNPATH_SEARCH_PATHS = (
					"$(inherited)",
					"@executable_path/Frameworks",
					"@loader_path/Frameworks",
				);
				PRODUCT_BUNDLE_IDENTIFIER = com.rollmind.ComparatorsTests;
				PRODUCT_NAME = "$(TARGET_NAME)";
				SWIFT_VERSION = 5.0;
				TARGETED_DEVICE_FAMILY = "1,2";
				TEST_HOST = "$(BUILT_PRODUCTS_DIR)/FarmTimer.app/FarmTimer";
			};
			name = Debug;
		};
		15E25C64226B7C3D0096FD41 /* Release */ = {
			isa = XCBuildConfiguration;
			buildSettings = {
				ALWAYS_EMBED_SWIFT_STANDARD_LIBRARIES = YES;
				CODE_SIGN_STYLE = Automatic;
				DEVELOPMENT_TEAM = HY47J4787Q;
				INFOPLIST_FILE = ComparatorsTests/Info.plist;
				LD_RUNPATH_SEARCH_PATHS = (
					"$(inherited)",
					"@executable_path/Frameworks",
					"@loader_path/Frameworks",
				);
				PRODUCT_BUNDLE_IDENTIFIER = com.rollmind.ComparatorsTests;
				PRODUCT_NAME = "$(TARGET_NAME)";
				SWIFT_VERSION = 5.0;
				TARGETED_DEVICE_FAMILY = "1,2";
				TEST_HOST = "$(BUILT_PRODUCTS_DIR)/FarmTimer.app/FarmTimer";
			};
			name = Release;
		};
/* End XCBuildConfiguration section */

/* Begin XCConfigurationList section */
		15C907202264ABFE0099EB26 /* Build configuration list for PBXProject "FarmTimer" */ = {
			isa = XCConfigurationList;
			buildConfigurations = (
				15C907432264ABFF0099EB26 /* Debug */,
				15C907442264ABFF0099EB26 /* Release */,
			);
			defaultConfigurationIsVisible = 0;
			defaultConfigurationName = Release;
		};
		15C907452264ABFF0099EB26 /* Build configuration list for PBXNativeTarget "FarmTimer" */ = {
			isa = XCConfigurationList;
			buildConfigurations = (
				15C907462264ABFF0099EB26 /* Debug */,
				15C907472264ABFF0099EB26 /* Release */,
			);
			defaultConfigurationIsVisible = 0;
			defaultConfigurationName = Release;
		};
		15C907482264ABFF0099EB26 /* Build configuration list for PBXNativeTarget "FarmTimerTests" */ = {
			isa = XCConfigurationList;
			buildConfigurations = (
				15C907492264ABFF0099EB26 /* Debug */,
				15C9074A2264ABFF0099EB26 /* Release */,
			);
			defaultConfigurationIsVisible = 0;
			defaultConfigurationName = Release;
		};
		15E25C65226B7C3D0096FD41 /* Build configuration list for PBXNativeTarget "Comparators" */ = {
			isa = XCConfigurationList;
			buildConfigurations = (
				15E25C61226B7C3D0096FD41 /* Debug */,
				15E25C62226B7C3D0096FD41 /* Release */,
			);
			defaultConfigurationIsVisible = 0;
			defaultConfigurationName = Release;
		};
		15E25C67226B7C3D0096FD41 /* Build configuration list for PBXNativeTarget "ComparatorsTests" */ = {
			isa = XCConfigurationList;
			buildConfigurations = (
				15E25C63226B7C3D0096FD41 /* Debug */,
				15E25C64226B7C3D0096FD41 /* Release */,
			);
			defaultConfigurationIsVisible = 0;
			defaultConfigurationName = Release;
		};
/* End XCConfigurationList section */

/* Begin XCVersionGroup section */
		15C9072F2264ABFE0099EB26 /* FarmTimer.xcdatamodeld */ = {
			isa = XCVersionGroup;
			children = (
				15C907302264ABFE0099EB26 /* FarmTimer.xcdatamodel */,
			);
			currentVersion = 15C907302264ABFE0099EB26 /* FarmTimer.xcdatamodel */;
			path = FarmTimer.xcdatamodeld;
			sourceTree = "<group>";
			versionGroupType = wrapper.xcdatamodel;
		};
/* End XCVersionGroup section */
	};
	rootObject = 15C9071D2264ABFE0099EB26 /* Project object */;
}
